
Microsoft Visual Studio Solution File, Format Version 12.00
# Visual Studio Version 17
VisualStudioVersion = 17.5.33516.290
MinimumVisualStudioVersion = 10.0.40219.1
Project("{9092AA53-FB77-4645-B42D-1CCCA6BD08BD}") = "CSUN Task List", "CSUN Task List.njsproj", "{15E77B06-F9E3-4CD5-88C5-3B92DE1B5C8A}"
EndProject
Global
	GlobalSection(SolutionConfigurationPlatforms) = preSolution
		Debug|Any CPU = Debug|Any CPU
		Release|Any CPU = Release|Any CPU
	EndGlobalSection
	GlobalSection(ProjectConfigurationPlatforms) = postSolution
		{15E77B06-F9E3-4CD5-88C5-3B92DE1B5C8A}.Debug|Any CPU.ActiveCfg = Debug|Any CPU
		{15E77B06-F9E3-4CD5-88C5-3B92DE1B5C8A}.Debug|Any CPU.Build.0 = Debug|Any CPU
		{15E77B06-F9E3-4CD5-88C5-3B92DE1B5C8A}.Release|Any CPU.ActiveCfg = Release|Any CPU
		{15E77B06-F9E3-4CD5-88C5-3B92DE1B5C8A}.Release|Any CPU.Build.0 = Release|Any CPU
	EndGlobalSection
	GlobalSection(SolutionProperties) = preSolution
		HideSolutionNode = FALSE
	EndGlobalSection
	GlobalSection(ExtensibilityGlobals) = postSolution
		SolutionGuid = {7E9ABE4D-3BFE-475B-9F46-121921D66B15}
	EndGlobalSection
EndGlobal
